
Microsoft Visual Studio Solution File, Format Version 12.00
# Visual Studio Version 17
VisualStudioVersion = 17.2.32630.192
MinimumVisualStudioVersion = 10.0.40219.1
Project("{FAE04EC0-301F-11D3-BF4B-00C04F79EFBC}") = "HtmlSerializer", "HtmlSerializer\HtmlSerializer.csproj", "{52A461F8-0506-4EB1-A820-6D2A2047E448}"
EndProject
Global
	GlobalSection(SolutionConfigurationPlatforms) = preSolution
		Debug|Any CPU = Debug|Any CPU
		Release|Any CPU = Release|Any CPU
	EndGlobalSection
	GlobalSection(ProjectConfigurationPlatforms) = postSolution
		{52A461F8-0506-4EB1-A820-6D2A2047E448}.Debug|Any CPU.ActiveCfg = Debug|Any CPU
		{52A461F8-0506-4EB1-A820-6D2A2047E448}.Debug|Any CPU.Build.0 = Debug|Any CPU
		{52A461F8-0506-4EB1-A820-6D2A2047E448}.Release|Any CPU.ActiveCfg = Release|Any CPU
		{52A461F8-0506-4EB1-A820-6D2A2047E448}.Release|Any CPU.Build.0 = Release|Any CPU
	EndGlobalSection
	GlobalSection(SolutionProperties) = preSolution
		HideSolutionNode = FALSE
	EndGlobalSection
	GlobalSection(ExtensibilityGlobals) = postSolution
		SolutionGuid = {4ECB44D0-A9C0-4E2F-A68A-486F13C43F63}
	EndGlobalSection
EndGlobal
